
Microsoft Visual Studio Solution File, Format Version 12.00
# Visual Studio Version 17
VisualStudioVersion = 17.9.34728.123
MinimumVisualStudioVersion = 10.0.40219.1
Project("{FAE04EC0-301F-11D3-BF4B-00C04F79EFBC}") = "ProjMongoDBApi10062024", "ProjMongoDBApi10062024\ProjMongoDBApi10062024.csproj", "{6FBB5335-45AC-40A3-A79C-F36B805504DD}"
EndProject
Global
	GlobalSection(SolutionConfigurationPlatforms) = preSolution
		Debug|Any CPU = Debug|Any CPU
		Release|Any CPU = Release|Any CPU
	EndGlobalSection
	GlobalSection(ProjectConfigurationPlatforms) = postSolution
		{6FBB5335-45AC-40A3-A79C-F36B805504DD}.Debug|Any CPU.ActiveCfg = Debug|Any CPU
		{6FBB5335-45AC-40A3-A79C-F36B805504DD}.Debug|Any CPU.Build.0 = Debug|Any CPU
		{6FBB5335-45AC-40A3-A79C-F36B805504DD}.Release|Any CPU.ActiveCfg = Release|Any CPU
		{6FBB5335-45AC-40A3-A79C-F36B805504DD}.Release|Any CPU.Build.0 = Release|Any CPU
	EndGlobalSection
	GlobalSection(SolutionProperties) = preSolution
		HideSolutionNode = FALSE
	EndGlobalSection
	GlobalSection(ExtensibilityGlobals) = postSolution
		SolutionGuid = {2A3000B1-E311-4A48-85C8-D57F1BEAD831}
	EndGlobalSection
EndGlobal
